{
  "name": "kavach-jose-crosscheck",
  "lockfileVersion": 3,
  "requires": true,
  "packages": {
    "": {
      "name": "kavach-jose-crosscheck",
      "license": "Apache-2.0",
      "dependencies": {
        "canonicalize": "5.1.0",
        "jose": "6.2.12"
      }
    },
    "node_modules/canonicalize": {
      "version": "5.1.0",
      "resolved": "https://registry.npmjs.org/canonicalize/-/canonicalize-5.1.0.tgz",
      "integrity": "sha512-bab9+WefZljqQ8jT0qRwVmTyzAUU63K97QIQD3agynIBrb6sa5M2eAy8Hv8K3p4V9+ONVYZKtGYl4Dg+/5Gumw==",
      "license": "Apache-2.0",
      "bin": {
        "canonicalize": "bin/canonicalize.js"
      },
      "engines": {
        "node": ">=22"
      }
    },
    "node_modules/jose": {
      "version": "6.2.12",
      "resolved": "https://registry.npmjs.org/jose/-/jose-6.2.12.tgz",
      "integrity": "sha512-9NiFmJEex0sy2Dk58j2UGBSHgUs2ypF9eZSu4L6vjOX3Dp96Sw1F3uL+H+D1sx02jZZdzUT0HgvCy59CuvXcWw==",
      "license": "MIT"
    }
  }
}
